// !$*UTF8*$!
{
	archiveVersion = 1;
	classes = {
	};
	objectVersion = 46;
	objects = {

/* Begin PBXBuildFile section */
		F30672651D37B53900A76924 /* FMRegisterViewController.m in Sources */ = {isa = PBXBuildFile; fileRef = F30672641D37B53900A76924 /* FMRegisterViewController.m */; };
		F30672681D37B5CA00A76924 /* FMMainViewController.m in Sources */ = {isa = PBXBuildFile; fileRef = F30672671D37B5CA00A76924 /* FMMainViewController.m */; };
		F35770EF1D365F8A00141619 /* main.m in Sources */ = {isa = PBXBuildFile; fileRef = F35770EE1D365F8A00141619 /* main.m */; };
		F35770F21D365F8A00141619 /* AppDelegate.m in Sources */ = {isa = PBXBuildFile; fileRef = F35770F11D365F8A00141619 /* AppDelegate.m */; };
		F35770F81D365F8A00141619 /* Main.storyboard in Resources */ = {isa = PBXBuildFile; fileRef = F35770F61D365F8A00141619 /* Main.storyboard */; };
		F35770FA1D365F8A00141619 /* Assets.xcassets in Resources */ = {isa = PBXBuildFile; fileRef = F35770F91D365F8A00141619 /* Assets.xcassets */; };
		F35770FD1D365F8A00141619 /* LaunchScreen.storyboard in Resources */ = {isa = PBXBuildFile; fileRef = F35770FB1D365F8A00141619 /* LaunchScreen.storyboard */; };
		F357710F1D36611200141619 /* FMUserViewController.m in Sources */ = {isa = PBXBuildFile; fileRef = F357710E1D36611200141619 /* FMUserViewController.m */; };
		F35771121D36633900141619 /* FMRootNavigationController.m in Sources */ = {isa = PBXBuildFile; fileRef = F35771111D36633900141619 /* FMRootNavigationController.m */; };
		F35771181D36673300141619 /* FMLoginViewController.m in Sources */ = {isa = PBXBuildFile; fileRef = F35771171D36673300141619 /* FMLoginViewController.m */; };
/* End PBXBuildFile section */

/* Begin PBXFileReference section */
		F30672631D37B53900A76924 /* FMRegisterViewController.h */ = {isa = PBXFileReference; fileEncoding = 4; lastKnownFileType = sourcecode.c.h; path = FMRegisterViewController.h; sourceTree = "<group>"; };
		F30672641D37B53900A76924 /* FMRegisterViewController.m */ = {isa = PBXFileReference; fileEncoding = 4; lastKnownFileType = sourcecode.c.objc; path = FMRegisterViewController.m; sourceTree = "<group>"; };
		F30672661D37B5CA00A76924 /* FMMainViewController.h */ = {isa = PBXFileReference; fileEncoding = 4; lastKnownFileType = sourcecode.c.h; path = FMMainViewController.h; sourceTree = "<group>"; };
		F30672671D37B5CA00A76924 /* FMMainViewController.m */ = {isa = PBXFileReference; fileEncoding = 4; lastKnownFileType = sourcecode.c.objc; path = FMMainViewController.m; sourceTree = "<group>"; };
		F35770EA1D365F8A00141619 /* FishMan.app */ = {isa = PBXFileReference; explicitFileType = wrapper.application; includeInIndex = 0; path = FishMan.app; sourceTree = BUILT_PRODUCTS_DIR; };
		F35770EE1D365F8A00141619 /* main.m */ = {isa = PBXFileReference; lastKnownFileType = sourcecode.c.objc; path = main.m; sourceTree = "<group>"; };
		F35770F01D365F8A00141619 /* AppDelegate.h */ = {isa = PBXFileReference; lastKnownFileType = sourcecode.c.h; path = AppDelegate.h; sourceTree = "<group>"; };
		F35770F11D365F8A00141619 /* AppDelegate.m */ = {isa = PBXFileReference; lastKnownFileType = sourcecode.c.objc; path = AppDelegate.m; sourceTree = "<group>"; };
		F35770F71D365F8A00141619 /* Base */ = {isa = PBXFileReference; lastKnownFileType = file.storyboard; name = Base; path = Base.lproj/Main.storyboard; sourceTree = "<group>"; };
		F35770F91D365F8A00141619 /* Assets.xcassets */ = {isa = PBXFileReference; lastKnownFileType = folder.assetcatalog; path = Assets.xcassets; sourceTree = "<group>"; };
		F35770FC1D365F8A00141619 /* Base */ = {isa = PBXFileReference; lastKnownFileType = file.storyboard; name = Base; path = Base.lproj/LaunchScreen.storyboard; sourceTree = "<group>"; };
		F35770FE1D365F8A00141619 /* Info.plist */ = {isa = PBXFileReference; lastKnownFileType = text.plist.xml; path = Info.plist; sourceTree = "<group>"; };
		F357710D1D36611200141619 /* FMUserViewController.h */ = {isa = PBXFileReference; fileEncoding = 4; lastKnownFileType = sourcecode.c.h; path = FMUserViewController.h; sourceTree = "<group>"; };
		F357710E1D36611200141619 /* FMUserViewController.m */ = {isa = PBXFileReference; fileEncoding = 4; lastKnownFileType = sourcecode.c.objc; path = FMUserViewController.m; sourceTree = "<group>"; };
		F35771101D36633900141619 /* FMRootNavigationController.h */ = {isa = PBXFileReference; fileEncoding = 4; lastKnownFileType = sourcecode.c.h; path = FMRootNavigationController.h; sourceTree = "<group>"; };
		F35771111D36633900141619 /* FMRootNavigationController.m */ = {isa = PBXFileReference; fileEncoding = 4; lastKnownFileType = sourcecode.c.objc; path = FMRootNavigationController.m; sourceTree = "<group>"; };
		F35771161D36673300141619 /* FMLoginViewController.h */ = {isa = PBXFileReference; fileEncoding = 4; lastKnownFileType = sourcecode.c.h; path = FMLoginViewController.h; sourceTree = "<group>"; };
		F35771171D36673300141619 /* FMLoginViewController.m */ = {isa = PBXFileReference; fileEncoding = 4; lastKnownFileType = sourcecode.c.objc; path = FMLoginViewController.m; sourceTree = "<group>"; };
/* End PBXFileReference section */

/* Begin PBXFrameworksBuildPhase section */
		F35770E71D365F8A00141619 /* Frameworks */ = {
			isa = PBXFrameworksBuildPhase;
			buildActionMask = 2147483647;
			files = (
			);
			runOnlyForDeploymentPostprocessing = 0;
		};
/* End PBXFrameworksBuildPhase section */

/* Begin PBXGroup section */
		F35770E11D365F8A00141619 = {
			isa = PBXGroup;
			children = (
				F35770EC1D365F8A00141619 /* FishMan */,
				F35770EB1D365F8A00141619 /* Products */,
			);
			sourceTree = "<group>";
		};
		F35770EB1D365F8A00141619 /* Products */ = {
			isa = PBXGroup;
			children = (
				F35770EA1D365F8A00141619 /* FishMan.app */,
			);
			name = Products;
			sourceTree = "<group>";
		};
		F35770EC1D365F8A00141619 /* FishMan */ = {
			isa = PBXGroup;
			children = (
				F35771151D3666CC00141619 /* FindPasswordPage */,
				F35771141D3666C400141619 /* RegisterPage */,
				F35771131D36669E00141619 /* LoginPage */,
				F35771061D36601000141619 /* MainPage */,
				F35771051D36600D00141619 /* UserPage */,
				F35771041D36600A00141619 /* Other */,
				F35770ED1D365F8A00141619 /* Supporting Files */,
			);
			path = FishMan;
			sourceTree = "<group>";
		};
		F35770ED1D365F8A00141619 /* Supporting Files */ = {
			isa = PBXGroup;
			children = (
				F35770EE1D365F8A00141619 /* main.m */,
			);
			name = "Supporting Files";
			sourceTree = "<group>";
		};
		F35771041D36600A00141619 /* Other */ = {
			isa = PBXGroup;
			children = (
				F35770F01D365F8A00141619 /* AppDelegate.h */,
				F35770F11D365F8A00141619 /* AppDelegate.m */,
				F35771101D36633900141619 /* FMRootNavigationController.h */,
				F35771111D36633900141619 /* FMRootNavigationController.m */,
				F35770F61D365F8A00141619 /* Main.storyboard */,
				F35770F91D365F8A00141619 /* Assets.xcassets */,
				F35770FB1D365F8A00141619 /* LaunchScreen.storyboard */,
				F35770FE1D365F8A00141619 /* Info.plist */,
			);
			name = Other;
			sourceTree = "<group>";
		};
		F35771051D36600D00141619 /* UserPage */ = {
			isa = PBXGroup;
			children = (
				F35771091D36606300141619 /* Model */,
				F35771081D36606000141619 /* View */,
				F35771071D36605D00141619 /* Controller */,
			);
			name = UserPage;
			sourceTree = "<group>";
		};
		F35771061D36601000141619 /* MainPage */ = {
			isa = PBXGroup;
			children = (
				F357710C1D36606E00141619 /* Model */,
				F357710B1D36606900141619 /* View */,
				F357710A1D36606700141619 /* Controller */,
			);
			name = MainPage;
			sourceTree = "<group>";
		};
		F35771071D36605D00141619 /* Controller */ = {
			isa = PBXGroup;
			children = (
				F357710D1D36611200141619 /* FMUserViewController.h */,
				F357710E1D36611200141619 /* FMUserViewController.m */,
			);
			name = Controller;
			sourceTree = "<group>";
		};
		F35771081D36606000141619 /* View */ = {
			isa = PBXGroup;
			children = (
			);
			name = View;
			sourceTree = "<group>";
		};
		F35771091D36606300141619 /* Model */ = {
			isa = PBXGroup;
			children = (
			);
			name = Model;
			sourceTree = "<group>";
		};
		F357710A1D36606700141619 /* Controller */ = {
			isa = PBXGroup;
			children = (
				F30672661D37B5CA00A76924 /* FMMainViewController.h */,
				F30672671D37B5CA00A76924 /* FMMainViewController.m */,
			);
			name = Controller;
			sourceTree = "<group>";
		};
		F357710B1D36606900141619 /* View */ = {
			isa = PBXGroup;
			children = (
			);
			name = View;
			sourceTree = "<group>";
		};
		F357710C1D36606E00141619 /* Model */ = {
			isa = PBXGroup;
			children = (
			);
			name = Model;
			sourceTree = "<group>";
		};
		F35771131D36669E00141619 /* LoginPage */ = {
			isa = PBXGroup;
			children = (
				F357711B1D36808700141619 /* Model */,
				F357711A1D36808400141619 /* View */,
				F35771191D36808200141619 /* Controller */,
			);
			name = LoginPage;
			sourceTree = "<group>";
		};
		F35771141D3666C400141619 /* RegisterPage */ = {
			isa = PBXGroup;
			children = (
				F357711E1D36808F00141619 /* Model */,
				F357711D1D36808D00141619 /* View */,
				F357711C1D36808B00141619 /* Controller */,
			);
			name = RegisterPage;
			sourceTree = "<group>";
		};
		F35771151D3666CC00141619 /* FindPasswordPage */ = {
			isa = PBXGroup;
			children = (
				F35771211D36809600141619 /* Model */,
				F35771201D36809400141619 /* View */,
				F357711F1D36809200141619 /* Controller */,
			);
			name = FindPasswordPage;
			sourceTree = "<group>";
		};
		F35771191D36808200141619 /* Controller */ = {
			isa = PBXGroup;
			children = (
				F35771161D36673300141619 /* FMLoginViewController.h */,
				F35771171D36673300141619 /* FMLoginViewController.m */,
			);
			name = Controller;
			sourceTree = "<group>";
		};
		F357711A1D36808400141619 /* View */ = {
			isa = PBXGroup;
			children = (
			);
			name = View;
			sourceTree = "<group>";
		};
		F357711B1D36808700141619 /* Model */ = {
			isa = PBXGroup;
			children = (
			);
			name = Model;
			sourceTree = "<group>";
		};
		F357711C1D36808B00141619 /* Controller */ = {
			isa = PBXGroup;
			children = (
				F30672631D37B53900A76924 /* FMRegisterViewController.h */,
				F30672641D37B53900A76924 /* FMRegisterViewController.m */,
			);
			name = Controller;
			sourceTree = "<group>";
		};
		F357711D1D36808D00141619 /* View */ = {
			isa = PBXGroup;
			children = (
			);
			name = View;
			sourceTree = "<group>";
		};
		F357711E1D36808F00141619 /* Model */ = {
			isa = PBXGroup;
			children = (
			);
			name = Model;
			sourceTree = "<group>";
		};
		F357711F1D36809200141619 /* Controller */ = {
			isa = PBXGroup;
			children = (
			);
			name = Controller;
			sourceTree = "<group>";
		};
		F35771201D36809400141619 /* View */ = {
			isa = PBXGroup;
			children = (
			);
			name = View;
			sourceTree = "<group>";
		};
		F35771211D36809600141619 /* Model */ = {
			isa = PBXGroup;
			children = (
			);
			name = Model;
			sourceTree = "<group>";
		};
/* End PBXGroup section */

/* Begin PBXNativeTarget section */
		F35770E91D365F8A00141619 /* FishMan */ = {
			isa = PBXNativeTarget;
			buildConfigurationList = F35771011D365F8A00141619 /* Build configuration list for PBXNativeTarget "FishMan" */;
			buildPhases = (
				F35770E61D365F8A00141619 /* Sources */,
				F35770E71D365F8A00141619 /* Frameworks */,
				F35770E81D365F8A00141619 /* Resources */,
			);
			buildRules = (
			);
			dependencies = (
			);
			name = FishMan;
			productName = FishMan;
			productReference = F35770EA1D365F8A00141619 /* FishMan.app */;
			productType = "com.apple.product-type.application";
		};
/* End PBXNativeTarget section */

/* Begin PBXProject section */
		F35770E21D365F8A00141619 /* Project object */ = {
			isa = PBXProject;
			attributes = {
				CLASSPREFIX = FM;
				LastUpgradeCheck = 0730;
				ORGANIZATIONNAME = zjw;
				TargetAttributes = {
					F35770E91D365F8A00141619 = {
						CreatedOnToolsVersion = 7.3;
					};
				};
			};
			buildConfigurationList = F35770E51D365F8A00141619 /* Build configuration list for PBXProject "FishMan" */;
			compatibilityVersion = "Xcode 3.2";
			developmentRegion = English;
			hasScannedForEncodings = 0;
			knownRegions = (
				en,
				Base,
			);
			mainGroup = F35770E11D365F8A00141619;
			productRefGroup = F35770EB1D365F8A00141619 /* Products */;
			projectDirPath = "";
			projectRoot = "";
			targets = (
				F35770E91D365F8A00141619 /* FishMan */,
			);
		};
/* End PBXProject section */

/* Begin PBXResourcesBuildPhase section */
		F35770E81D365F8A00141619 /* Resources */ = {
			isa = PBXResourcesBuildPhase;
			buildActionMask = 2147483647;
			files = (
				F35770FD1D365F8A00141619 /* LaunchScreen.storyboard in Resources */,
				F35770FA1D365F8A00141619 /* Assets.xcassets in Resources */,
				F35770F81D365F8A00141619 /* Main.storyboard in Resources */,
			);
			runOnlyForDeploymentPostprocessing = 0;
		};
/* End PBXResourcesBuildPhase section */

/* Begin PBXSourcesBuildPhase section */
		F35770E61D365F8A00141619 /* Sources */ = {
			isa = PBXSourcesBuildPhase;
			buildActionMask = 2147483647;
			files = (
				F357710F1D36611200141619 /* FMUserViewController.m in Sources */,
				F35770F21D365F8A00141619 /* AppDelegate.m in Sources */,
				F35771121D36633900141619 /* FMRootNavigationController.m in Sources */,
				F35771181D36673300141619 /* FMLoginViewController.m in Sources */,
				F30672651D37B53900A76924 /* FMRegisterViewController.m in Sources */,
				F30672681D37B5CA00A76924 /* FMMainViewController.m in Sources */,
				F35770EF1D365F8A00141619 /* main.m in Sources */,
			);
			runOnlyForDeploymentPostprocessing = 0;
		};
/* End PBXSourcesBuildPhase section */

/* Begin PBXVariantGroup section */
		F35770F61D365F8A00141619 /* Main.storyboard */ = {
			isa = PBXVariantGroup;
			children = (
				F35770F71D365F8A00141619 /* Base */,
			);
			name = Main.storyboard;
			sourceTree = "<group>";
		};
		F35770FB1D365F8A00141619 /* LaunchScreen.storyboard */ = {
			isa = PBXVariantGroup;
			children = (
				F35770FC1D365F8A00141619 /* Base */,
			);
			name = LaunchScreen.storyboard;
			sourceTree = "<group>";
		};
/* End PBXVariantGroup section */

/* Begin XCBuildConfiguration section */
		F35770FF1D365F8A00141619 /* Debug */ = {
			isa = XCBuildConfiguration;
			buildSettings = {
				ALWAYS_SEARCH_USER_PATHS = NO;
				CLANG_ANALYZER_NONNULL = YES;
				CLANG_CXX_LANGUAGE_STANDARD = "gnu++0x";
				CLANG_CXX_LIBRARY = "libc++";
				CLANG_ENABLE_MODULES = YES;
				CLANG_ENABLE_OBJC_ARC = YES;
				CLANG_WARN_BOOL_CONVERSION = YES;
				CLANG_WARN_CONSTANT_CONVERSION = YES;
				CLANG_WARN_DIRECT_OBJC_ISA_USAGE = YES_ERROR;
				CLANG_WARN_EMPTY_BODY = YES;
				CLANG_WARN_ENUM_CONVERSION = YES;
				CLANG_WARN_INT_CONVERSION = YES;
				CLANG_WARN_OBJC_ROOT_CLASS = YES_ERROR;
				CLANG_WARN_UNREACHABLE_CODE = YES;
				CLANG_WARN__DUPLICATE_METHOD_MATCH = YES;
				"CODE_SIGN_IDENTITY[sdk=iphoneos*]" = "iPhone Developer";
				COPY_PHASE_STRIP = NO;
				DEBUG_INFORMATION_FORMAT = dwarf;
				ENABLE_STRICT_OBJC_MSGSEND = YES;
				ENABLE_TESTABILITY = YES;
				GCC_C_LANGUAGE_STANDARD = gnu99;
				GCC_DYNAMIC_NO_PIC = NO;
				GCC_NO_COMMON_BLOCKS = YES;
				GCC_OPTIMIZATION_LEVEL = 0;
				GCC_PREPROCESSOR_DEFINITIONS = (
					"DEBUG=1",
					"$(inherited)",
				);
				GCC_WARN_64_TO_32_BIT_CONVERSION = YES;
				GCC_WARN_ABOUT_RETURN_TYPE = YES_ERROR;
				GCC_WARN_UNDECLARED_SELECTOR = YES;
				GCC_WARN_UNINITIALIZED_AUTOS = YES_AGGRESSIVE;
				GCC_WARN_UNUSED_FUNCTION = YES;
				GCC_WARN_UNUSED_VARIABLE = YES;
				IPHONEOS_DEPLOYMENT_TARGET = 9.3;
				MTL_ENABLE_DEBUG_INFO = YES;
				ONLY_ACTIVE_ARCH = YES;
				SDKROOT = iphoneos;
			};
			name = Debug;
		};
		F35771001D365F8A00141619 /* Release */ = {
			isa = XCBuildConfiguration;
			buildSettings = {
				ALWAYS_SEARCH_USER_PATHS = NO;
				CLANG_ANALYZER_NONNULL = YES;
				CLANG_CXX_LANGUAGE_STANDARD = "gnu++0x";
				CLANG_CXX_LIBRARY = "libc++";
				CLANG_ENABLE_MODULES = YES;
				CLANG_ENABLE_OBJC_ARC = YES;
				CLANG_WARN_BOOL_CONVERSION = YES;
				CLANG_WARN_CONSTANT_CONVERSION = YES;
				CLANG_WARN_DIRECT_OBJC_ISA_USAGE = YES_ERROR;
				CLANG_WARN_EMPTY_BODY = YES;
				CLANG_WARN_ENUM_CONVERSION = YES;
				CLANG_WARN_INT_CONVERSION = YES;
				CLANG_WARN_OBJC_ROOT_CLASS = YES_ERROR;
				CLANG_WARN_UNREACHABLE_CODE = YES;
				CLANG_WARN__DUPLICATE_METHOD_MATCH = YES;
				"CODE_SIGN_IDENTITY[sdk=iphoneos*]" = "iPhone Developer";
				COPY_PHASE_STRIP = NO;
				DEBUG_INFORMATION_FORMAT = "dwarf-with-dsym";
				ENABLE_NS_ASSERTIONS = NO;
				ENABLE_STRICT_OBJC_MSGSEND = YES;
				GCC_C_LANGUAGE_STANDARD = gnu99;
				GCC_NO_COMMON_BLOCKS = YES;
				GCC_WARN_64_TO_32_BIT_CONVERSION = YES;
				GCC_WARN_ABOUT_RETURN_TYPE = YES_ERROR;
				GCC_WARN_UNDECLARED_SELECTOR = YES;
				GCC_WARN_UNINITIALIZED_AUTOS = YES_AGGRESSIVE;
				GCC_WARN_UNUSED_FUNCTION = YES;
				GCC_WARN_UNUSED_VARIABLE = YES;
				IPHONEOS_DEPLOYMENT_TARGET = 9.3;
				MTL_ENABLE_DEBUG_INFO = NO;
				SDKROOT = iphoneos;
				VALIDATE_PRODUCT = YES;
			};
			name = Release;
		};
		F35771021D365F8A00141619 /* Debug */ = {
			isa = XCBuildConfiguration;
			buildSettings = {
				ASSETCATALOG_COMPILER_APPICON_NAME = AppIcon;
				INFOPLIST_FILE = FishMan/Info.plist;
				LD_RUNPATH_SEARCH_PATHS = "$(inherited) @executable_path/Frameworks";
				PRODUCT_BUNDLE_IDENTIFIER = com.wrmrslszsl.FishMan;
				PRODUCT_NAME = "$(TARGET_NAME)";
			};
			name = Debug;
		};
		F35771031D365F8A00141619 /* Release */ = {
			isa = XCBuildConfiguration;
			buildSettings = {
				ASSETCATALOG_COMPILER_APPICON_NAME = AppIcon;
				INFOPLIST_FILE = FishMan/Info.plist;
				LD_RUNPATH_SEARCH_PATHS = "$(inherited) @executable_path/Frameworks";
				PRODUCT_BUNDLE_IDENTIFIER = com.wrmrslszsl.FishMan;
				PRODUCT_NAME = "$(TARGET_NAME)";
			};
			name = Release;
		};
/* End XCBuildConfiguration section */

/* Begin XCConfigurationList section */
		F35770E51D365F8A00141619 /* Build configuration list for PBXProject "FishMan" */ = {
			isa = XCConfigurationList;
			buildConfigurations = (
				F35770FF1D365F8A00141619 /* Debug */,
				F35771001D365F8A00141619 /* Release */,
			);
			defaultConfigurationIsVisible = 0;
			defaultConfigurationName = Release;
		};
		F35771011D365F8A00141619 /* Build configuration list for PBXNativeTarget "FishMan" */ = {
			isa = XCConfigurationList;
			buildConfigurations = (
				F35771021D365F8A00141619 /* Debug */,
				F35771031D365F8A00141619 /* Release */,
			);
			defaultConfigurationIsVisible = 0;
			defaultConfigurationName = Release;
		};
/* End XCConfigurationList section */
	};
	rootObject = F35770E21D365F8A00141619 /* Project object */;
}
